
Microsoft Visual Studio Solution File, Format Version 12.00
# Visual Studio Version 16
VisualStudioVersion = 16.0.31321.278
MinimumVisualStudioVersion = 10.0.40219.1
Project("{9A19103F-16F7-4668-BE54-9A1E7A4F7556}") = "DataLayer", "DataLayer\DataLayer.csproj", "{118D8B63-B473-4EA1-A920-BFE1BF2EF754}"
EndProject
Project("{9A19103F-16F7-4668-BE54-9A1E7A4F7556}") = "BuissnesLayer", "BuissnesLayer\BuissnesLayer.csproj", "{EBAF3FD7-D6BA-4712-8206-A005D24877DE}"
EndProject
Project("{9A19103F-16F7-4668-BE54-9A1E7A4F7556}") = "Web_CRM_Monuments", "Web_CRM_Monuments\Web_CRM_Monuments.csproj", "{F37F3EF4-37D7-482F-8F02-381446A93C07}"
EndProject
Project("{9A19103F-16F7-4668-BE54-9A1E7A4F7556}") = "PresentationLayer", "PresentationLayer\PresentationLayer.csproj", "{CAB00D70-1301-4815-956A-8045E9C70B19}"
EndProject
Project("{FAE04EC0-301F-11D3-BF4B-00C04F79EFBC}") = "WebAPI", "WebAPI\WebAPI.csproj", "{AFA72950-F59E-4238-B9B0-2AFBDA04A995}"
EndProject
Global
	GlobalSection(SolutionConfigurationPlatforms) = preSolution
		Debug|Any CPU = Debug|Any CPU
		Release|Any CPU = Release|Any CPU
	EndGlobalSection
	GlobalSection(ProjectConfigurationPlatforms) = postSolution
		{118D8B63-B473-4EA1-A920-BFE1BF2EF754}.Debug|Any CPU.ActiveCfg = Debug|Any CPU
		{118D8B63-B473-4EA1-A920-BFE1BF2EF754}.Debug|Any CPU.Build.0 = Debug|Any CPU
		{118D8B63-B473-4EA1-A920-BFE1BF2EF754}.Release|Any CPU.ActiveCfg = Release|Any CPU
		{118D8B63-B473-4EA1-A920-BFE1BF2EF754}.Release|Any CPU.Build.0 = Release|Any CPU
		{EBAF3FD7-D6BA-4712-8206-A005D24877DE}.Debug|Any CPU.ActiveCfg = Debug|Any CPU
		{EBAF3FD7-D6BA-4712-8206-A005D24877DE}.Debug|Any CPU.Build.0 = Debug|Any CPU
		{EBAF3FD7-D6BA-4712-8206-A005D24877DE}.Release|Any CPU.ActiveCfg = Release|Any CPU
		{EBAF3FD7-D6BA-4712-8206-A005D24877DE}.Release|Any CPU.Build.0 = Release|Any CPU
		{F37F3EF4-37D7-482F-8F02-381446A93C07}.Debug|Any CPU.ActiveCfg = Debug|Any CPU
		{F37F3EF4-37D7-482F-8F02-381446A93C07}.Debug|Any CPU.Build.0 = Debug|Any CPU
		{F37F3EF4-37D7-482F-8F02-381446A93C07}.Release|Any CPU.ActiveCfg = Release|Any CPU
		{F37F3EF4-37D7-482F-8F02-381446A93C07}.Release|Any CPU.Build.0 = Release|Any CPU
		{CAB00D70-1301-4815-956A-8045E9C70B19}.Debug|Any CPU.ActiveCfg = Debug|Any CPU
		{CAB00D70-1301-4815-956A-8045E9C70B19}.Debug|Any CPU.Build.0 = Debug|Any CPU
		{CAB00D70-1301-4815-956A-8045E9C70B19}.Release|Any CPU.ActiveCfg = Release|Any CPU
		{CAB00D70-1301-4815-956A-8045E9C70B19}.Release|Any CPU.Build.0 = Release|Any CPU
		{AFA72950-F59E-4238-B9B0-2AFBDA04A995}.Debug|Any CPU.ActiveCfg = Debug|Any CPU
		{AFA72950-F59E-4238-B9B0-2AFBDA04A995}.Debug|Any CPU.Build.0 = Debug|Any CPU
		{AFA72950-F59E-4238-B9B0-2AFBDA04A995}.Release|Any CPU.ActiveCfg = Release|Any CPU
		{AFA72950-F59E-4238-B9B0-2AFBDA04A995}.Release|Any CPU.Build.0 = Release|Any CPU
	EndGlobalSection
	GlobalSection(SolutionProperties) = preSolution
		HideSolutionNode = FALSE
	EndGlobalSection
	GlobalSection(ExtensibilityGlobals) = postSolution
		SolutionGuid = {13724F35-A942-48AB-9EC1-6D9AA7EC9853}
	EndGlobalSection
EndGlobal
